
Microsoft Visual Studio Solution File, Format Version 12.00
# Visual Studio Version 17
VisualStudioVersion = 17.8.34330.188
MinimumVisualStudioVersion = 10.0.40219.1
Project("{FAE04EC0-301F-11D3-BF4B-00C04F79EFBC}") = "Main Methods4", "Main Methods4\Main Methods4.csproj", "{CEA3242B-48A1-41CB-ABDD-63C6E73B7813}"
EndProject
Global
	GlobalSection(SolutionConfigurationPlatforms) = preSolution
		Debug|Any CPU = Debug|Any CPU
		Release|Any CPU = Release|Any CPU
	EndGlobalSection
	GlobalSection(ProjectConfigurationPlatforms) = postSolution
		{CEA3242B-48A1-41CB-ABDD-63C6E73B7813}.Debug|Any CPU.ActiveCfg = Debug|Any CPU
		{CEA3242B-48A1-41CB-ABDD-63C6E73B7813}.Debug|Any CPU.Build.0 = Debug|Any CPU
		{CEA3242B-48A1-41CB-ABDD-63C6E73B7813}.Release|Any CPU.ActiveCfg = Release|Any CPU
		{CEA3242B-48A1-41CB-ABDD-63C6E73B7813}.Release|Any CPU.Build.0 = Release|Any CPU
	EndGlobalSection
	GlobalSection(SolutionProperties) = preSolution
		HideSolutionNode = FALSE
	EndGlobalSection
	GlobalSection(ExtensibilityGlobals) = postSolution
		SolutionGuid = {00B56AAE-7CE2-4CCD-8CED-F0A5D8EA494A}
	EndGlobalSection
EndGlobal
