
Microsoft Visual Studio Solution File, Format Version 12.00
# Visual Studio Version 17
VisualStudioVersion = 17.8.34330.188
MinimumVisualStudioVersion = 10.0.40219.1
Project("{FAE04EC0-301F-11D3-BF4B-00C04F79EFBC}") = "Main Methods3", "Main Methods3\Main Methods3.csproj", "{B68AFF32-88FA-4730-B6C7-D6930B47B148}"
EndProject
Global
	GlobalSection(SolutionConfigurationPlatforms) = preSolution
		Debug|Any CPU = Debug|Any CPU
		Release|Any CPU = Release|Any CPU
	EndGlobalSection
	GlobalSection(ProjectConfigurationPlatforms) = postSolution
		{B68AFF32-88FA-4730-B6C7-D6930B47B148}.Debug|Any CPU.ActiveCfg = Debug|Any CPU
		{B68AFF32-88FA-4730-B6C7-D6930B47B148}.Debug|Any CPU.Build.0 = Debug|Any CPU
		{B68AFF32-88FA-4730-B6C7-D6930B47B148}.Release|Any CPU.ActiveCfg = Release|Any CPU
		{B68AFF32-88FA-4730-B6C7-D6930B47B148}.Release|Any CPU.Build.0 = Release|Any CPU
	EndGlobalSection
	GlobalSection(SolutionProperties) = preSolution
		HideSolutionNode = FALSE
	EndGlobalSection
	GlobalSection(ExtensibilityGlobals) = postSolution
		SolutionGuid = {50FE68F4-CE9C-4E48-A14F-3673A61598B6}
	EndGlobalSection
EndGlobal
