
Microsoft Visual Studio Solution File, Format Version 12.00
# Visual Studio Version 17
VisualStudioVersion = 17.8.34330.188
MinimumVisualStudioVersion = 10.0.40219.1
Project("{FAE04EC0-301F-11D3-BF4B-00C04F79EFBC}") = "Try_Catch", "Try_Catch\Try_Catch.csproj", "{553A5F78-BB7B-4AE1-8450-3A12C0AB078A}"
EndProject
Global
	GlobalSection(SolutionConfigurationPlatforms) = preSolution
		Debug|Any CPU = Debug|Any CPU
		Release|Any CPU = Release|Any CPU
	EndGlobalSection
	GlobalSection(ProjectConfigurationPlatforms) = postSolution
		{553A5F78-BB7B-4AE1-8450-3A12C0AB078A}.Debug|Any CPU.ActiveCfg = Debug|Any CPU
		{553A5F78-BB7B-4AE1-8450-3A12C0AB078A}.Debug|Any CPU.Build.0 = Debug|Any CPU
		{553A5F78-BB7B-4AE1-8450-3A12C0AB078A}.Release|Any CPU.ActiveCfg = Release|Any CPU
		{553A5F78-BB7B-4AE1-8450-3A12C0AB078A}.Release|Any CPU.Build.0 = Release|Any CPU
	EndGlobalSection
	GlobalSection(SolutionProperties) = preSolution
		HideSolutionNode = FALSE
	EndGlobalSection
	GlobalSection(ExtensibilityGlobals) = postSolution
		SolutionGuid = {4C3D17DC-B897-4739-B8EC-2A4420D510FA}
	EndGlobalSection
EndGlobal
