
Microsoft Visual Studio Solution File, Format Version 12.00
# Visual Studio Version 17
VisualStudioVersion = 17.8.34408.163
MinimumVisualStudioVersion = 10.0.40219.1
Project("{FAE04EC0-301F-11D3-BF4B-00C04F79EFBC}") = "Scores", "Scores\Scores.csproj", "{CEB856C4-4264-4EBF-B131-9F12543CA5C8}"
EndProject
Global
	GlobalSection(SolutionConfigurationPlatforms) = preSolution
		Debug|Any CPU = Debug|Any CPU
		Release|Any CPU = Release|Any CPU
	EndGlobalSection
	GlobalSection(ProjectConfigurationPlatforms) = postSolution
		{CEB856C4-4264-4EBF-B131-9F12543CA5C8}.Debug|Any CPU.ActiveCfg = Debug|Any CPU
		{CEB856C4-4264-4EBF-B131-9F12543CA5C8}.Debug|Any CPU.Build.0 = Debug|Any CPU
		{CEB856C4-4264-4EBF-B131-9F12543CA5C8}.Release|Any CPU.ActiveCfg = Release|Any CPU
		{CEB856C4-4264-4EBF-B131-9F12543CA5C8}.Release|Any CPU.Build.0 = Release|Any CPU
	EndGlobalSection
	GlobalSection(SolutionProperties) = preSolution
		HideSolutionNode = FALSE
	EndGlobalSection
	GlobalSection(ExtensibilityGlobals) = postSolution
		SolutionGuid = {8EF2A1EB-1199-4542-B48B-E5E6F9904770}
	EndGlobalSection
EndGlobal
